
Microsoft Visual Studio Solution File, Format Version 12.00
# Visual Studio Version 17
VisualStudioVersion = 17.14.36623.8
MinimumVisualStudioVersion = 10.0.40219.1
Project("{2150E333-8FDC-42A3-9474-1A3956D46DE8}") = "Chapter00", "Chapter00", "{DDB4EF12-CC4E-5E88-E6FC-71A802F4DE97}"
EndProject
Project("{FAE04EC0-301F-11D3-BF4B-00C04F79EFBC}") = "Sample0416", "Chapter00\Sample0416\Sample0416.csproj", "{6222491A-9A9F-4F8C-B160-E3CD6FE2A601}"
EndProject
Project("{FAE04EC0-301F-11D3-BF4B-00C04F79EFBC}") = "sample0415", "Chapter00\sample0415\sample0415\sample0415.csproj", "{D0F00D84-AD20-C5D6-67FE-85D6CB59A7CE}"
EndProject
Project("{FAE04EC0-301F-11D3-BF4B-00C04F79EFBC}") = "sample0413", "Chapter00\sample0413\sample0413\sample0413.csproj", "{EB11C1AF-3BBE-9D8B-B13B-CEF382F22312}"
EndProject
Project("{2150E333-8FDC-42A3-9474-1A3956D46DE8}") = "Chapter01", "Chapter01", "{F3930BB8-001E-4E08-AF8F-0557EA1BA140}"
EndProject
Project("{2150E333-8FDC-42A3-9474-1A3956D46DE8}") = "Chapter02", "Chapter02", "{33699BDE-7B73-45F5-959A-05E508C8E06C}"
EndProject
Project("{2150E333-8FDC-42A3-9474-1A3956D46DE8}") = "距離換算プログラム", "距離換算プログラム", "{DB855A8A-7322-4BF6-85D8-9F11C2E4F1BB}"
EndProject
Project("{FAE04EC0-301F-11D3-BF4B-00C04F79EFBC}") = "DistanceConverter", "Chapter02\距離換算プログラム\DistanceConverter\DistanceConverter.csproj", "{AF3BED62-9B4B-4E47-8A8D-DF28D46B3B64}"
EndProject
Project("{2150E333-8FDC-42A3-9474-1A3956D46DE8}") = "Chapter04", "Chapter04", "{2F49C1B8-AA16-4EF7-ACE7-C69645346C9B}"
EndProject
Project("{2150E333-8FDC-42A3-9474-1A3956D46DE8}") = "p108_文字列を数値に変換する", "p108_文字列を数値に変換する", "{94011CA1-9EFA-40F2-AA1D-6896B9959EFA}"
EndProject
Project("{FAE04EC0-301F-11D3-BF4B-00C04F79EFBC}") = "Code4_36", "Chapter04\文字列を数値に変換する\Code4_36\Code4_36.csproj", "{3F43FA31-59B1-4212-BB55-29C84576842C}"
EndProject
Project("{2150E333-8FDC-42A3-9474-1A3956D46DE8}") = "売り上げ集計プログラム", "売り上げ集計プログラム", "{F90276CB-36E0-43CE-8FF9-1C4CEA0A3CCF}"
EndProject
Project("{FAE04EC0-301F-11D3-BF4B-00C04F79EFBC}") = "SalesCalculator", "Chapter02\売り上げ集計プログラム\SalesCalculator\SalesCalculator.csproj", "{FE98FB8F-708A-4FE2-9664-25BAC76F8D14}"
EndProject
Project("{2150E333-8FDC-42A3-9474-1A3956D46DE8}") = "演習問題", "演習問題", "{C37F8AA3-56DB-4A42-8247-4EE5D475D95F}"
EndProject
Project("{FAE04EC0-301F-11D3-BF4B-00C04F79EFBC}") = "Exercise01", "Chapter02\演習問題\Exercise01\Exercise01.csproj", "{628D68DD-25E5-440D-83B6-8A021F471C55}"
EndProject
Project("{FAE04EC0-301F-11D3-BF4B-00C04F79EFBC}") = "Exercise02", "Chapter02\演習問題\Exercise02\Exercise02.csproj", "{ADD4BD51-2C06-42E5-B8E4-50736A404498}"
EndProject
Project("{2150E333-8FDC-42A3-9474-1A3956D46DE8}") = "Chapter03", "Chapter03", "{FA0059C3-233C-471B-90A9-7C23EB1B1F7C}"
EndProject
Project("{2150E333-8FDC-42A3-9474-1A3956D46DE8}") = "ラムダ式とLINQ", "ラムダ式とLINQ", "{AFDB3A1F-5799-416A-AD2E-C6E58CDB9B24}"
EndProject
Project("{FAE04EC0-301F-11D3-BF4B-00C04F79EFBC}") = "Section01", "Chapter03\ラムダ式とLINQ\Section01\Section01.csproj", "{9F598711-554C-437D-BB58-2E5EF8E55BDB}"
EndProject
Project("{FAE04EC0-301F-11D3-BF4B-00C04F79EFBC}") = "Section04", "Chapter03\ラムダ式とLINQ\Section04\Section04.csproj", "{90641E4C-80D6-4BDA-8E97-08012D7F16C5}"
EndProject
Project("{2150E333-8FDC-42A3-9474-1A3956D46DE8}") = "演習問題", "演習問題", "{EFA06CB4-6C57-45E0-A61D-AD59CBD7ECA0}"
EndProject
Project("{FAE04EC0-301F-11D3-BF4B-00C04F79EFBC}") = "Exercise01", "Chapter03\ラムダ式とLINQ\Exercise01\Exercise01.csproj", "{BB03BDB7-3575-4711-8B2B-8698884643D5}"
EndProject
Global
	GlobalSection(SolutionConfigurationPlatforms) = preSolution
		Debug|Any CPU = Debug|Any CPU
		Release|Any CPU = Release|Any CPU
	EndGlobalSection
	GlobalSection(ProjectConfigurationPlatforms) = postSolution
		{6222491A-9A9F-4F8C-B160-E3CD6FE2A601}.Debug|Any CPU.ActiveCfg = Debug|Any CPU
		{6222491A-9A9F-4F8C-B160-E3CD6FE2A601}.Debug|Any CPU.Build.0 = Debug|Any CPU
		{6222491A-9A9F-4F8C-B160-E3CD6FE2A601}.Release|Any CPU.ActiveCfg = Release|Any CPU
		{6222491A-9A9F-4F8C-B160-E3CD6FE2A601}.Release|Any CPU.Build.0 = Release|Any CPU
		{D0F00D84-AD20-C5D6-67FE-85D6CB59A7CE}.Debug|Any CPU.ActiveCfg = Debug|Any CPU
		{D0F00D84-AD20-C5D6-67FE-85D6CB59A7CE}.Debug|Any CPU.Build.0 = Debug|Any CPU
		{D0F00D84-AD20-C5D6-67FE-85D6CB59A7CE}.Release|Any CPU.ActiveCfg = Release|Any CPU
		{D0F00D84-AD20-C5D6-67FE-85D6CB59A7CE}.Release|Any CPU.Build.0 = Release|Any CPU
		{EB11C1AF-3BBE-9D8B-B13B-CEF382F22312}.Debug|Any CPU.ActiveCfg = Debug|Any CPU
		{EB11C1AF-3BBE-9D8B-B13B-CEF382F22312}.Debug|Any CPU.Build.0 = Debug|Any CPU
		{EB11C1AF-3BBE-9D8B-B13B-CEF382F22312}.Release|Any CPU.ActiveCfg = Release|Any CPU
		{EB11C1AF-3BBE-9D8B-B13B-CEF382F22312}.Release|Any CPU.Build.0 = Release|Any CPU
		{AF3BED62-9B4B-4E47-8A8D-DF28D46B3B64}.Debug|Any CPU.ActiveCfg = Debug|Any CPU
		{AF3BED62-9B4B-4E47-8A8D-DF28D46B3B64}.Debug|Any CPU.Build.0 = Debug|Any CPU
		{AF3BED62-9B4B-4E47-8A8D-DF28D46B3B64}.Release|Any CPU.ActiveCfg = Release|Any CPU
		{AF3BED62-9B4B-4E47-8A8D-DF28D46B3B64}.Release|Any CPU.Build.0 = Release|Any CPU
		{3F43FA31-59B1-4212-BB55-29C84576842C}.Debug|Any CPU.ActiveCfg = Debug|Any CPU
		{3F43FA31-59B1-4212-BB55-29C84576842C}.Debug|Any CPU.Build.0 = Debug|Any CPU
		{3F43FA31-59B1-4212-BB55-29C84576842C}.Release|Any CPU.ActiveCfg = Release|Any CPU
		{3F43FA31-59B1-4212-BB55-29C84576842C}.Release|Any CPU.Build.0 = Release|Any CPU
		{FE98FB8F-708A-4FE2-9664-25BAC76F8D14}.Debug|Any CPU.ActiveCfg = Debug|Any CPU
		{FE98FB8F-708A-4FE2-9664-25BAC76F8D14}.Debug|Any CPU.Build.0 = Debug|Any CPU
		{FE98FB8F-708A-4FE2-9664-25BAC76F8D14}.Release|Any CPU.ActiveCfg = Release|Any CPU
		{FE98FB8F-708A-4FE2-9664-25BAC76F8D14}.Release|Any CPU.Build.0 = Release|Any CPU
		{628D68DD-25E5-440D-83B6-8A021F471C55}.Debug|Any CPU.ActiveCfg = Debug|Any CPU
		{628D68DD-25E5-440D-83B6-8A021F471C55}.Debug|Any CPU.Build.0 = Debug|Any CPU
		{628D68DD-25E5-440D-83B6-8A021F471C55}.Release|Any CPU.ActiveCfg = Release|Any CPU
		{628D68DD-25E5-440D-83B6-8A021F471C55}.Release|Any CPU.Build.0 = Release|Any CPU
		{ADD4BD51-2C06-42E5-B8E4-50736A404498}.Debug|Any CPU.ActiveCfg = Debug|Any CPU
		{ADD4BD51-2C06-42E5-B8E4-50736A404498}.Debug|Any CPU.Build.0 = Debug|Any CPU
		{ADD4BD51-2C06-42E5-B8E4-50736A404498}.Release|Any CPU.ActiveCfg = Release|Any CPU
		{ADD4BD51-2C06-42E5-B8E4-50736A404498}.Release|Any CPU.Build.0 = Release|Any CPU
		{9F598711-554C-437D-BB58-2E5EF8E55BDB}.Debug|Any CPU.ActiveCfg = Debug|Any CPU
		{9F598711-554C-437D-BB58-2E5EF8E55BDB}.Debug|Any CPU.Build.0 = Debug|Any CPU
		{9F598711-554C-437D-BB58-2E5EF8E55BDB}.Release|Any CPU.ActiveCfg = Release|Any CPU
		{9F598711-554C-437D-BB58-2E5EF8E55BDB}.Release|Any CPU.Build.0 = Release|Any CPU
		{90641E4C-80D6-4BDA-8E97-08012D7F16C5}.Debug|Any CPU.ActiveCfg = Debug|Any CPU
		{90641E4C-80D6-4BDA-8E97-08012D7F16C5}.Debug|Any CPU.Build.0 = Debug|Any CPU
		{90641E4C-80D6-4BDA-8E97-08012D7F16C5}.Release|Any CPU.ActiveCfg = Release|Any CPU
		{90641E4C-80D6-4BDA-8E97-08012D7F16C5}.Release|Any CPU.Build.0 = Release|Any CPU
		{BB03BDB7-3575-4711-8B2B-8698884643D5}.Debug|Any CPU.ActiveCfg = Debug|Any CPU
		{BB03BDB7-3575-4711-8B2B-8698884643D5}.Debug|Any CPU.Build.0 = Debug|Any CPU
		{BB03BDB7-3575-4711-8B2B-8698884643D5}.Release|Any CPU.ActiveCfg = Release|Any CPU
		{BB03BDB7-3575-4711-8B2B-8698884643D5}.Release|Any CPU.Build.0 = Release|Any CPU
	EndGlobalSection
	GlobalSection(SolutionProperties) = preSolution
		HideSolutionNode = FALSE
	EndGlobalSection
	GlobalSection(NestedProjects) = preSolution
		{6222491A-9A9F-4F8C-B160-E3CD6FE2A601} = {DDB4EF12-CC4E-5E88-E6FC-71A802F4DE97}
		{D0F00D84-AD20-C5D6-67FE-85D6CB59A7CE} = {DDB4EF12-CC4E-5E88-E6FC-71A802F4DE97}
		{EB11C1AF-3BBE-9D8B-B13B-CEF382F22312} = {DDB4EF12-CC4E-5E88-E6FC-71A802F4DE97}
		{DB855A8A-7322-4BF6-85D8-9F11C2E4F1BB} = {33699BDE-7B73-45F5-959A-05E508C8E06C}
		{AF3BED62-9B4B-4E47-8A8D-DF28D46B3B64} = {DB855A8A-7322-4BF6-85D8-9F11C2E4F1BB}
		{94011CA1-9EFA-40F2-AA1D-6896B9959EFA} = {2F49C1B8-AA16-4EF7-ACE7-C69645346C9B}
		{3F43FA31-59B1-4212-BB55-29C84576842C} = {94011CA1-9EFA-40F2-AA1D-6896B9959EFA}
		{F90276CB-36E0-43CE-8FF9-1C4CEA0A3CCF} = {33699BDE-7B73-45F5-959A-05E508C8E06C}
		{FE98FB8F-708A-4FE2-9664-25BAC76F8D14} = {F90276CB-36E0-43CE-8FF9-1C4CEA0A3CCF}
		{C37F8AA3-56DB-4A42-8247-4EE5D475D95F} = {33699BDE-7B73-45F5-959A-05E508C8E06C}
		{628D68DD-25E5-440D-83B6-8A021F471C55} = {C37F8AA3-56DB-4A42-8247-4EE5D475D95F}
		{ADD4BD51-2C06-42E5-B8E4-50736A404498} = {C37F8AA3-56DB-4A42-8247-4EE5D475D95F}
		{FA0059C3-233C-471B-90A9-7C23EB1B1F7C} = {33699BDE-7B73-45F5-959A-05E508C8E06C}
		{AFDB3A1F-5799-416A-AD2E-C6E58CDB9B24} = {FA0059C3-233C-471B-90A9-7C23EB1B1F7C}
		{9F598711-554C-437D-BB58-2E5EF8E55BDB} = {AFDB3A1F-5799-416A-AD2E-C6E58CDB9B24}
		{90641E4C-80D6-4BDA-8E97-08012D7F16C5} = {AFDB3A1F-5799-416A-AD2E-C6E58CDB9B24}
		{EFA06CB4-6C57-45E0-A61D-AD59CBD7ECA0} = {AFDB3A1F-5799-416A-AD2E-C6E58CDB9B24}
		{BB03BDB7-3575-4711-8B2B-8698884643D5} = {EFA06CB4-6C57-45E0-A61D-AD59CBD7ECA0}
	EndGlobalSection
	GlobalSection(ExtensibilityGlobals) = postSolution
		SolutionGuid = {ACB540FF-D31A-4B37-89F7-25C4091237B0}
	EndGlobalSection
EndGlobal
