
Microsoft Visual Studio Solution File, Format Version 12.00
# Visual Studio Version 17
VisualStudioVersion = 17.14.36623.8
MinimumVisualStudioVersion = 10.0.40219.1
Project("{2150E333-8FDC-42A3-9474-1A3956D46DE8}") = "Chapter00", "Chapter00", "{DDB4EF12-CC4E-5E88-E6FC-71A802F4DE97}"
EndProject
Project("{FAE04EC0-301F-11D3-BF4B-00C04F79EFBC}") = "Sample0416", "Chapter00\Sample0416\Sample0416.csproj", "{6222491A-9A9F-4F8C-B160-E3CD6FE2A601}"
EndProject
Project("{FAE04EC0-301F-11D3-BF4B-00C04F79EFBC}") = "sample0415", "Chapter00\sample0415\sample0415\sample0415.csproj", "{D0F00D84-AD20-C5D6-67FE-85D6CB59A7CE}"
EndProject
Project("{FAE04EC0-301F-11D3-BF4B-00C04F79EFBC}") = "sample0413", "Chapter00\sample0413\sample0413\sample0413.csproj", "{EB11C1AF-3BBE-9D8B-B13B-CEF382F22312}"
EndProject
Project("{2150E333-8FDC-42A3-9474-1A3956D46DE8}") = "Chapter01", "Chapter01", "{F3930BB8-001E-4E08-AF8F-0557EA1BA140}"
EndProject
Project("{2150E333-8FDC-42A3-9474-1A3956D46DE8}") = "Chapter02", "Chapter02", "{33699BDE-7B73-45F5-959A-05E508C8E06C}"
EndProject
Project("{2150E333-8FDC-42A3-9474-1A3956D46DE8}") = "距離換算プログラム", "距離換算プログラム", "{DB855A8A-7322-4BF6-85D8-9F11C2E4F1BB}"
EndProject
Project("{FAE04EC0-301F-11D3-BF4B-00C04F79EFBC}") = "DistanceConverter", "Chapter02\距離換算プログラム\DistanceConverter\DistanceConverter.csproj", "{AF3BED62-9B4B-4E47-8A8D-DF28D46B3B64}"
EndProject
Project("{2150E333-8FDC-42A3-9474-1A3956D46DE8}") = "Chapter04", "Chapter04", "{2F49C1B8-AA16-4EF7-ACE7-C69645346C9B}"
EndProject
Project("{2150E333-8FDC-42A3-9474-1A3956D46DE8}") = "p108_文字列を数値に変換する", "p108_文字列を数値に変換する", "{94011CA1-9EFA-40F2-AA1D-6896B9959EFA}"
EndProject
Project("{FAE04EC0-301F-11D3-BF4B-00C04F79EFBC}") = "Code4_36", "Chapter04\文字列を数値に変換する\Code4_36\Code4_36.csproj", "{3F43FA31-59B1-4212-BB55-29C84576842C}"
EndProject
Project("{2150E333-8FDC-42A3-9474-1A3956D46DE8}") = "売り上げ集計プログラム", "売り上げ集計プログラム", "{F90276CB-36E0-43CE-8FF9-1C4CEA0A3CCF}"
EndProject
Project("{FAE04EC0-301F-11D3-BF4B-00C04F79EFBC}") = "SalesCalculator", "Chapter02\売り上げ集計プログラム\SalesCalculator\SalesCalculator.csproj", "{FE98FB8F-708A-4FE2-9664-25BAC76F8D14}"
EndProject
Project("{2150E333-8FDC-42A3-9474-1A3956D46DE8}") = "演習問題", "演習問題", "{C37F8AA3-56DB-4A42-8247-4EE5D475D95F}"
EndProject
Project("{FAE04EC0-301F-11D3-BF4B-00C04F79EFBC}") = "Exercise01", "Chapter02\演習問題\Exercise01\Exercise01.csproj", "{628D68DD-25E5-440D-83B6-8A021F471C55}"
EndProject
Project("{FAE04EC0-301F-11D3-BF4B-00C04F79EFBC}") = "Exercise02", "Chapter02\演習問題\Exercise02\Exercise02.csproj", "{ADD4BD51-2C06-42E5-B8E4-50736A404498}"
EndProject
Project("{2150E333-8FDC-42A3-9474-1A3956D46DE8}") = "Chapter03", "Chapter03", "{FA0059C3-233C-471B-90A9-7C23EB1B1F7C}"
EndProject
Project("{2150E333-8FDC-42A3-9474-1A3956D46DE8}") = "ラムダ式とLINQ", "ラムダ式とLINQ", "{AFDB3A1F-5799-416A-AD2E-C6E58CDB9B24}"
EndProject
Project("{FAE04EC0-301F-11D3-BF4B-00C04F79EFBC}") = "Section01", "Chapter03\ラムダ式とLINQ\Section01\Section01.csproj", "{9F598711-554C-437D-BB58-2E5EF8E55BDB}"
EndProject
Project("{FAE04EC0-301F-11D3-BF4B-00C04F79EFBC}") = "Section04", "Chapter03\ラムダ式とLINQ\Section04\Section04.csproj", "{90641E4C-80D6-4BDA-8E97-08012D7F16C5}"
EndProject
Project("{2150E333-8FDC-42A3-9474-1A3956D46DE8}") = "演習問題", "演習問題", "{EFA06CB4-6C57-45E0-A61D-AD59CBD7ECA0}"
EndProject
Project("{FAE04EC0-301F-11D3-BF4B-00C04F79EFBC}") = "Exercise01", "Chapter03\ラムダ式とLINQ\Exercise01\Exercise01.csproj", "{BB03BDB7-3575-4711-8B2B-8698884643D5}"
EndProject
Project("{FAE04EC0-301F-11D3-BF4B-00C04F79EFBC}") = "Exercise02", "Chapter03\ラムダ式とLINQ\Exercise02\Exercise02.csproj", "{B72DC659-1376-4508-A81F-72F2D0C8F4EF}"
EndProject
Project("{2150E333-8FDC-42A3-9474-1A3956D46DE8}") = "p098_nullに関するイディオム", "p098_nullに関するイディオム", "{06CEC8A2-0CD8-4597-9829-F9251A3DE49F}"
EndProject
Project("{FAE04EC0-301F-11D3-BF4B-00C04F79EFBC}") = "Section04", "Chapter04\nullに関するイディオム\Section04\Section04.csproj", "{F8A47C83-BFFB-42B1-98E5-51DF4673030E}"
EndProject
Project("{2150E333-8FDC-42A3-9474-1A3956D46DE8}") = "演習問題", "演習問題", "{9AF1480D-60C7-4F48-80BD-EFAF2E6C2485}"
EndProject
Project("{FAE04EC0-301F-11D3-BF4B-00C04F79EFBC}") = "Exercise01", "Chapter04\演習問題\Exercise01\Exercise01.csproj", "{D9586B19-A896-4AF6-9706-F2672E1CC753}"
EndProject
Project("{FAE04EC0-301F-11D3-BF4B-00C04F79EFBC}") = "Exercise02", "Chapter04\演習問題\Exercise02\Exercise02\Exercise02.csproj", "{1D74653E-7CF2-4C55-B5D3-DEF5DC5DFE95}"
EndProject
Project("{2150E333-8FDC-42A3-9474-1A3956D46DE8}") = "Chapter05", "Chapter05", "{5A43EBCC-D6B4-4372-A438-92AB959CA412}"
EndProject
Project("{2150E333-8FDC-42A3-9474-1A3956D46DE8}") = "プロパティに関するイディオム", "プロパティに関するイディオム", "{739C4EB7-770D-4B1C-9F2D-D8AE81C4E6EA}"
EndProject
Project("{FAE04EC0-301F-11D3-BF4B-00C04F79EFBC}") = "Section01", "Chapter05\プロパティに関するイディオム\Section01\Section01.csproj", "{E07CF39B-D0EF-4EB8-BC68-32665078E53D}"
EndProject
Project("{2150E333-8FDC-42A3-9474-1A3956D46DE8}") = "メソッドに関するイディオム", "メソッドに関するイディオム", "{C8317ABC-37A5-490C-B52C-573F3B15E39D}"
EndProject
Project("{FAE04EC0-301F-11D3-BF4B-00C04F79EFBC}") = "Section02", "Chapter05\メソッドに関するイディオム\Section02\Section02.csproj", "{327F377E-43AB-4B7B-BA3A-402F7B6E8783}"
EndProject
Project("{2150E333-8FDC-42A3-9474-1A3956D46DE8}") = "演習問題", "演習問題", "{CD6D02E2-089B-4C51-AA97-878B1F6EF74D}"
EndProject
Project("{FAE04EC0-301F-11D3-BF4B-00C04F79EFBC}") = "Exercise01", "Chapter05\演習問題\Exercise01\Exercise01.csproj", "{7DB6FB6A-BCB6-4F9A-BADB-3FEC1ACEE2E7}"
EndProject
Project("{FAE04EC0-301F-11D3-BF4B-00C04F79EFBC}") = "Exercise02", "Chapter05\演習問題\Exercise02\Exercise02.csproj", "{A3ACA33D-6226-7668-2993-2FC9EA8C783B}"
EndProject
Project("{FAE04EC0-301F-11D3-BF4B-00C04F79EFBC}") = "Exercise03", "Chapter05\演習問題\Exercise\Exercise03.csproj", "{BE74422F-096D-4721-8271-C8BCBE822275}"
EndProject
Project("{2150E333-8FDC-42A3-9474-1A3956D46DE8}") = "chapter06", "chapter06", "{8A0FEB4E-F8FE-4C56-B0A1-10108258428E}"
EndProject
Project("{2150E333-8FDC-42A3-9474-1A3956D46DE8}") = "文字列の比較", "文字列の比較", "{C0683236-D661-404D-B8CA-8A7A5313D1C5}"
EndProject
Project("{FAE04EC0-301F-11D3-BF4B-00C04F79EFBC}") = "section01", "chapter06\文字列の比較\ConsoleApp1\section01.csproj", "{0E2F5510-EAEA-410A-8E79-1A24CDF6CB68}"
EndProject
Project("{2150E333-8FDC-42A3-9474-1A3956D46DE8}") = "演習問題", "演習問題", "{C01051AC-1099-4565-A210-346C1345FA4F}"
EndProject
Project("{FAE04EC0-301F-11D3-BF4B-00C04F79EFBC}") = "Exercise03", "chapter06\演習問題\Exercise03\Exercise03.csproj", "{948A1417-608A-402B-9A28-4F22B6D628D9}"
EndProject
Project("{FAE04EC0-301F-11D3-BF4B-00C04F79EFBC}") = "Exercise01", "chapter06\演習問題\Exercise01\Exercise01.csproj", "{BADF616C-11CB-4BEB-93B6-4F235DE9AB7E}"
EndProject
Project("{FAE04EC0-301F-11D3-BF4B-00C04F79EFBC}") = "Exercise02", "chapter06\演習問題\Exercise02\Exercise02.csproj", "{FBC0329F-A159-4451-BEEB-C7A983687A33}"
EndProject
Project("{2150E333-8FDC-42A3-9474-1A3956D46DE8}") = "文字列の連結と分割", "文字列の連結と分割", "{B0A82634-A11B-4D20-92D7-16682D0BF361}"
EndProject
Project("{FAE04EC0-301F-11D3-BF4B-00C04F79EFBC}") = "Section05", "chapter06\文字列の連結と分割\Section05\Section05.csproj", "{B692B563-4A3B-4621-BA24-75F765BED2A9}"
EndProject
Project("{FAE04EC0-301F-11D3-BF4B-00C04F79EFBC}") = "Exercise04", "chapter06\演習問題\Exercise04\Exercise04.csproj", "{752FADD9-F2A4-428B-9560-3EC780D6E093}"
EndProject
Project("{2150E333-8FDC-42A3-9474-1A3956D46DE8}") = "chapter07", "chapter07", "{17E1237D-F9EC-4BA3-AFE2-F64FCCBBB26A}"
EndProject
Project("{2150E333-8FDC-42A3-9474-1A3956D46DE8}") = "演習問題", "演習問題", "{680829D2-FD96-48F4-AAA8-23AC58878DDF}"
EndProject
Project("{FAE04EC0-301F-11D3-BF4B-00C04F79EFBC}") = "Section01", "chapter07\Section01\Section01.csproj", "{6FAB828C-378A-481E-B06D-EC868B3BFCA1}"
EndProject
Project("{FAE04EC0-301F-11D3-BF4B-00C04F79EFBC}") = "Exercise01", "chapter07\演習問題\Exercise01\Exercise01.csproj", "{514B249E-C6FF-4C12-A297-3346D7D21F75}"
EndProject
Project("{FAE04EC0-301F-11D3-BF4B-00C04F79EFBC}") = "Exercise02", "chapter07\演習問題\Exercise02\Exercise02.csproj", "{1C72BBBA-0FB3-45AF-8CEB-154F809EE14D}"
EndProject
Project("{2150E333-8FDC-42A3-9474-1A3956D46DE8}") = "TestProject", "TestProject", "{A32AAAD9-74A9-40D4-9162-A3767C98151A}"
EndProject
Project("{FAE04EC0-301F-11D3-BF4B-00C04F79EFBC}") = "Test01_01", "TestProject\Test01_01\Test01_01.csproj", "{B8441293-5D7D-B752-6216-4C5005BF772D}"
EndProject
Project("{FAE04EC0-301F-11D3-BF4B-00C04F79EFBC}") = "Test01_02", "TestProject\Test01_02\Test01_02.csproj", "{D7F347E4-C87C-CC1A-89F8-6D28A7CCB4B3}"
EndProject
Project("{2150E333-8FDC-42A3-9474-1A3956D46DE8}") = "chapter08", "chapter08", "{9CF89820-F1EE-4054-A03D-F8D3E874FA2F}"
EndProject
Project("{FAE04EC0-301F-11D3-BF4B-00C04F79EFBC}") = "Section01", "chapter08\Section01\Section01.csproj", "{4AB8E222-9D5A-4859-87B4-C18885B3580C}"
EndProject
Project("{FAE04EC0-301F-11D3-BF4B-00C04F79EFBC}") = "Section02", "chapter08\Section02\Section02\Section02.csproj", "{120C19E0-9DAF-4D19-B126-662DEA5B39D5}"
EndProject
Project("{FAE04EC0-301F-11D3-BF4B-00C04F79EFBC}") = "Section03", "chapter08\Section03\Section03\Section03.csproj", "{8ED98C61-CFCD-4958-ACB1-85A10A87413C}"
EndProject
Project("{FAE04EC0-301F-11D3-BF4B-00C04F79EFBC}") = "Exercise01", "chapter08\演習問題\Exercise01\Exercise01\Exercise01.csproj", "{99B93B38-FD7D-41FE-9EE3-F2C7DCD0F283}"
EndProject
Project("{FAE04EC0-301F-11D3-BF4B-00C04F79EFBC}") = "Exercise02", "\\172.16.42.1\学生\2026_情報システム\オブジェクト指向プログラミングⅠ\Exercise02\Exercise02.csproj", "{40C79D56-95F8-4302-425F-BCF614810158}"
EndProject
Project("{2150E333-8FDC-42A3-9474-1A3956D46DE8}") = "chapter09", "chapter09", "{C7B3109A-AFFC-4A8C-9C88-639938A29474}"
EndProject
Project("{FAE04EC0-301F-11D3-BF4B-00C04F79EFBC}") = "Section01", "\\172.16.42.1\学生\2026_情報システム\オブジェクト指向プログラミングⅠ\#休んだ人用\Chapter09\Section01\Section01.csproj", "{0D43FC89-C631-51D5-75F8-B29492B9C91F}"
EndProject
Global
	GlobalSection(SolutionConfigurationPlatforms) = preSolution
		Debug|Any CPU = Debug|Any CPU
		Release|Any CPU = Release|Any CPU
	EndGlobalSection
	GlobalSection(ProjectConfigurationPlatforms) = postSolution
		{6222491A-9A9F-4F8C-B160-E3CD6FE2A601}.Debug|Any CPU.ActiveCfg = Debug|Any CPU
		{6222491A-9A9F-4F8C-B160-E3CD6FE2A601}.Debug|Any CPU.Build.0 = Debug|Any CPU
		{6222491A-9A9F-4F8C-B160-E3CD6FE2A601}.Release|Any CPU.ActiveCfg = Release|Any CPU
		{6222491A-9A9F-4F8C-B160-E3CD6FE2A601}.Release|Any CPU.Build.0 = Release|Any CPU
		{D0F00D84-AD20-C5D6-67FE-85D6CB59A7CE}.Debug|Any CPU.ActiveCfg = Debug|Any CPU
		{D0F00D84-AD20-C5D6-67FE-85D6CB59A7CE}.Debug|Any CPU.Build.0 = Debug|Any CPU
		{D0F00D84-AD20-C5D6-67FE-85D6CB59A7CE}.Release|Any CPU.ActiveCfg = Release|Any CPU
		{D0F00D84-AD20-C5D6-67FE-85D6CB59A7CE}.Release|Any CPU.Build.0 = Release|Any CPU
		{EB11C1AF-3BBE-9D8B-B13B-CEF382F22312}.Debug|Any CPU.ActiveCfg = Debug|Any CPU
		{EB11C1AF-3BBE-9D8B-B13B-CEF382F22312}.Debug|Any CPU.Build.0 = Debug|Any CPU
		{EB11C1AF-3BBE-9D8B-B13B-CEF382F22312}.Release|Any CPU.ActiveCfg = Release|Any CPU
		{EB11C1AF-3BBE-9D8B-B13B-CEF382F22312}.Release|Any CPU.Build.0 = Release|Any CPU
		{AF3BED62-9B4B-4E47-8A8D-DF28D46B3B64}.Debug|Any CPU.ActiveCfg = Debug|Any CPU
		{AF3BED62-9B4B-4E47-8A8D-DF28D46B3B64}.Debug|Any CPU.Build.0 = Debug|Any CPU
		{AF3BED62-9B4B-4E47-8A8D-DF28D46B3B64}.Release|Any CPU.ActiveCfg = Release|Any CPU
		{AF3BED62-9B4B-4E47-8A8D-DF28D46B3B64}.Release|Any CPU.Build.0 = Release|Any CPU
		{3F43FA31-59B1-4212-BB55-29C84576842C}.Debug|Any CPU.ActiveCfg = Debug|Any CPU
		{3F43FA31-59B1-4212-BB55-29C84576842C}.Debug|Any CPU.Build.0 = Debug|Any CPU
		{3F43FA31-59B1-4212-BB55-29C84576842C}.Release|Any CPU.ActiveCfg = Release|Any CPU
		{3F43FA31-59B1-4212-BB55-29C84576842C}.Release|Any CPU.Build.0 = Release|Any CPU
		{FE98FB8F-708A-4FE2-9664-25BAC76F8D14}.Debug|Any CPU.ActiveCfg = Debug|Any CPU
		{FE98FB8F-708A-4FE2-9664-25BAC76F8D14}.Debug|Any CPU.Build.0 = Debug|Any CPU
		{FE98FB8F-708A-4FE2-9664-25BAC76F8D14}.Release|Any CPU.ActiveCfg = Release|Any CPU
		{FE98FB8F-708A-4FE2-9664-25BAC76F8D14}.Release|Any CPU.Build.0 = Release|Any CPU
		{628D68DD-25E5-440D-83B6-8A021F471C55}.Debug|Any CPU.ActiveCfg = Debug|Any CPU
		{628D68DD-25E5-440D-83B6-8A021F471C55}.Debug|Any CPU.Build.0 = Debug|Any CPU
		{628D68DD-25E5-440D-83B6-8A021F471C55}.Release|Any CPU.ActiveCfg = Release|Any CPU
		{628D68DD-25E5-440D-83B6-8A021F471C55}.Release|Any CPU.Build.0 = Release|Any CPU
		{ADD4BD51-2C06-42E5-B8E4-50736A404498}.Debug|Any CPU.ActiveCfg = Debug|Any CPU
		{ADD4BD51-2C06-42E5-B8E4-50736A404498}.Debug|Any CPU.Build.0 = Debug|Any CPU
		{ADD4BD51-2C06-42E5-B8E4-50736A404498}.Release|Any CPU.ActiveCfg = Release|Any CPU
		{ADD4BD51-2C06-42E5-B8E4-50736A404498}.Release|Any CPU.Build.0 = Release|Any CPU
		{9F598711-554C-437D-BB58-2E5EF8E55BDB}.Debug|Any CPU.ActiveCfg = Debug|Any CPU
		{9F598711-554C-437D-BB58-2E5EF8E55BDB}.Debug|Any CPU.Build.0 = Debug|Any CPU
		{9F598711-554C-437D-BB58-2E5EF8E55BDB}.Release|Any CPU.ActiveCfg = Release|Any CPU
		{9F598711-554C-437D-BB58-2E5EF8E55BDB}.Release|Any CPU.Build.0 = Release|Any CPU
		{90641E4C-80D6-4BDA-8E97-08012D7F16C5}.Debug|Any CPU.ActiveCfg = Debug|Any CPU
		{90641E4C-80D6-4BDA-8E97-08012D7F16C5}.Debug|Any CPU.Build.0 = Debug|Any CPU
		{90641E4C-80D6-4BDA-8E97-08012D7F16C5}.Release|Any CPU.ActiveCfg = Release|Any CPU
		{90641E4C-80D6-4BDA-8E97-08012D7F16C5}.Release|Any CPU.Build.0 = Release|Any CPU
		{BB03BDB7-3575-4711-8B2B-8698884643D5}.Debug|Any CPU.ActiveCfg = Debug|Any CPU
		{BB03BDB7-3575-4711-8B2B-8698884643D5}.Debug|Any CPU.Build.0 = Debug|Any CPU
		{BB03BDB7-3575-4711-8B2B-8698884643D5}.Release|Any CPU.ActiveCfg = Release|Any CPU
		{BB03BDB7-3575-4711-8B2B-8698884643D5}.Release|Any CPU.Build.0 = Release|Any CPU
		{B72DC659-1376-4508-A81F-72F2D0C8F4EF}.Debug|Any CPU.ActiveCfg = Debug|Any CPU
		{B72DC659-1376-4508-A81F-72F2D0C8F4EF}.Debug|Any CPU.Build.0 = Debug|Any CPU
		{B72DC659-1376-4508-A81F-72F2D0C8F4EF}.Release|Any CPU.ActiveCfg = Release|Any CPU
		{B72DC659-1376-4508-A81F-72F2D0C8F4EF}.Release|Any CPU.Build.0 = Release|Any CPU
		{F8A47C83-BFFB-42B1-98E5-51DF4673030E}.Debug|Any CPU.ActiveCfg = Debug|Any CPU
		{F8A47C83-BFFB-42B1-98E5-51DF4673030E}.Debug|Any CPU.Build.0 = Debug|Any CPU
		{F8A47C83-BFFB-42B1-98E5-51DF4673030E}.Release|Any CPU.ActiveCfg = Release|Any CPU
		{F8A47C83-BFFB-42B1-98E5-51DF4673030E}.Release|Any CPU.Build.0 = Release|Any CPU
		{D9586B19-A896-4AF6-9706-F2672E1CC753}.Debug|Any CPU.ActiveCfg = Debug|Any CPU
		{D9586B19-A896-4AF6-9706-F2672E1CC753}.Debug|Any CPU.Build.0 = Debug|Any CPU
		{D9586B19-A896-4AF6-9706-F2672E1CC753}.Release|Any CPU.ActiveCfg = Release|Any CPU
		{D9586B19-A896-4AF6-9706-F2672E1CC753}.Release|Any CPU.Build.0 = Release|Any CPU
		{1D74653E-7CF2-4C55-B5D3-DEF5DC5DFE95}.Debug|Any CPU.ActiveCfg = Debug|Any CPU
		{1D74653E-7CF2-4C55-B5D3-DEF5DC5DFE95}.Debug|Any CPU.Build.0 = Debug|Any CPU
		{1D74653E-7CF2-4C55-B5D3-DEF5DC5DFE95}.Release|Any CPU.ActiveCfg = Release|Any CPU
		{1D74653E-7CF2-4C55-B5D3-DEF5DC5DFE95}.Release|Any CPU.Build.0 = Release|Any CPU
		{E07CF39B-D0EF-4EB8-BC68-32665078E53D}.Debug|Any CPU.ActiveCfg = Debug|Any CPU
		{E07CF39B-D0EF-4EB8-BC68-32665078E53D}.Debug|Any CPU.Build.0 = Debug|Any CPU
		{E07CF39B-D0EF-4EB8-BC68-32665078E53D}.Release|Any CPU.ActiveCfg = Release|Any CPU
		{E07CF39B-D0EF-4EB8-BC68-32665078E53D}.Release|Any CPU.Build.0 = Release|Any CPU
		{327F377E-43AB-4B7B-BA3A-402F7B6E8783}.Debug|Any CPU.ActiveCfg = Debug|Any CPU
		{327F377E-43AB-4B7B-BA3A-402F7B6E8783}.Debug|Any CPU.Build.0 = Debug|Any CPU
		{327F377E-43AB-4B7B-BA3A-402F7B6E8783}.Release|Any CPU.ActiveCfg = Release|Any CPU
		{327F377E-43AB-4B7B-BA3A-402F7B6E8783}.Release|Any CPU.Build.0 = Release|Any CPU
		{7DB6FB6A-BCB6-4F9A-BADB-3FEC1ACEE2E7}.Debug|Any CPU.ActiveCfg = Debug|Any CPU
		{7DB6FB6A-BCB6-4F9A-BADB-3FEC1ACEE2E7}.Debug|Any CPU.Build.0 = Debug|Any CPU
		{7DB6FB6A-BCB6-4F9A-BADB-3FEC1ACEE2E7}.Release|Any CPU.ActiveCfg = Release|Any CPU
		{7DB6FB6A-BCB6-4F9A-BADB-3FEC1ACEE2E7}.Release|Any CPU.Build.0 = Release|Any CPU
		{A3ACA33D-6226-7668-2993-2FC9EA8C783B}.Debug|Any CPU.ActiveCfg = Debug|Any CPU
		{A3ACA33D-6226-7668-2993-2FC9EA8C783B}.Debug|Any CPU.Build.0 = Debug|Any CPU
		{A3ACA33D-6226-7668-2993-2FC9EA8C783B}.Release|Any CPU.ActiveCfg = Release|Any CPU
		{A3ACA33D-6226-7668-2993-2FC9EA8C783B}.Release|Any CPU.Build.0 = Release|Any CPU
		{BE74422F-096D-4721-8271-C8BCBE822275}.Debug|Any CPU.ActiveCfg = Debug|Any CPU
		{BE74422F-096D-4721-8271-C8BCBE822275}.Debug|Any CPU.Build.0 = Debug|Any CPU
		{BE74422F-096D-4721-8271-C8BCBE822275}.Release|Any CPU.ActiveCfg = Release|Any CPU
		{BE74422F-096D-4721-8271-C8BCBE822275}.Release|Any CPU.Build.0 = Release|Any CPU
		{0E2F5510-EAEA-410A-8E79-1A24CDF6CB68}.Debug|Any CPU.ActiveCfg = Debug|Any CPU
		{0E2F5510-EAEA-410A-8E79-1A24CDF6CB68}.Debug|Any CPU.Build.0 = Debug|Any CPU
		{0E2F5510-EAEA-410A-8E79-1A24CDF6CB68}.Release|Any CPU.ActiveCfg = Release|Any CPU
		{0E2F5510-EAEA-410A-8E79-1A24CDF6CB68}.Release|Any CPU.Build.0 = Release|Any CPU
		{948A1417-608A-402B-9A28-4F22B6D628D9}.Debug|Any CPU.ActiveCfg = Debug|Any CPU
		{948A1417-608A-402B-9A28-4F22B6D628D9}.Debug|Any CPU.Build.0 = Debug|Any CPU
		{948A1417-608A-402B-9A28-4F22B6D628D9}.Release|Any CPU.ActiveCfg = Release|Any CPU
		{948A1417-608A-402B-9A28-4F22B6D628D9}.Release|Any CPU.Build.0 = Release|Any CPU
		{BADF616C-11CB-4BEB-93B6-4F235DE9AB7E}.Debug|Any CPU.ActiveCfg = Debug|Any CPU
		{BADF616C-11CB-4BEB-93B6-4F235DE9AB7E}.Debug|Any CPU.Build.0 = Debug|Any CPU
		{BADF616C-11CB-4BEB-93B6-4F235DE9AB7E}.Release|Any CPU.ActiveCfg = Release|Any CPU
		{BADF616C-11CB-4BEB-93B6-4F235DE9AB7E}.Release|Any CPU.Build.0 = Release|Any CPU
		{FBC0329F-A159-4451-BEEB-C7A983687A33}.Debug|Any CPU.ActiveCfg = Debug|Any CPU
		{FBC0329F-A159-4451-BEEB-C7A983687A33}.Debug|Any CPU.Build.0 = Debug|Any CPU
		{FBC0329F-A159-4451-BEEB-C7A983687A33}.Release|Any CPU.ActiveCfg = Release|Any CPU
		{FBC0329F-A159-4451-BEEB-C7A983687A33}.Release|Any CPU.Build.0 = Release|Any CPU
		{B692B563-4A3B-4621-BA24-75F765BED2A9}.Debug|Any CPU.ActiveCfg = Debug|Any CPU
		{B692B563-4A3B-4621-BA24-75F765BED2A9}.Debug|Any CPU.Build.0 = Debug|Any CPU
		{B692B563-4A3B-4621-BA24-75F765BED2A9}.Release|Any CPU.ActiveCfg = Release|Any CPU
		{B692B563-4A3B-4621-BA24-75F765BED2A9}.Release|Any CPU.Build.0 = Release|Any CPU
		{752FADD9-F2A4-428B-9560-3EC780D6E093}.Debug|Any CPU.ActiveCfg = Debug|Any CPU
		{752FADD9-F2A4-428B-9560-3EC780D6E093}.Debug|Any CPU.Build.0 = Debug|Any CPU
		{752FADD9-F2A4-428B-9560-3EC780D6E093}.Release|Any CPU.ActiveCfg = Release|Any CPU
		{752FADD9-F2A4-428B-9560-3EC780D6E093}.Release|Any CPU.Build.0 = Release|Any CPU
		{6FAB828C-378A-481E-B06D-EC868B3BFCA1}.Debug|Any CPU.ActiveCfg = Debug|Any CPU
		{6FAB828C-378A-481E-B06D-EC868B3BFCA1}.Debug|Any CPU.Build.0 = Debug|Any CPU
		{6FAB828C-378A-481E-B06D-EC868B3BFCA1}.Release|Any CPU.ActiveCfg = Release|Any CPU
		{6FAB828C-378A-481E-B06D-EC868B3BFCA1}.Release|Any CPU.Build.0 = Release|Any CPU
		{514B249E-C6FF-4C12-A297-3346D7D21F75}.Debug|Any CPU.ActiveCfg = Debug|Any CPU
		{514B249E-C6FF-4C12-A297-3346D7D21F75}.Debug|Any CPU.Build.0 = Debug|Any CPU
		{514B249E-C6FF-4C12-A297-3346D7D21F75}.Release|Any CPU.ActiveCfg = Release|Any CPU
		{514B249E-C6FF-4C12-A297-3346D7D21F75}.Release|Any CPU.Build.0 = Release|Any CPU
		{1C72BBBA-0FB3-45AF-8CEB-154F809EE14D}.Debug|Any CPU.ActiveCfg = Debug|Any CPU
		{1C72BBBA-0FB3-45AF-8CEB-154F809EE14D}.Debug|Any CPU.Build.0 = Debug|Any CPU
		{1C72BBBA-0FB3-45AF-8CEB-154F809EE14D}.Release|Any CPU.ActiveCfg = Release|Any CPU
		{1C72BBBA-0FB3-45AF-8CEB-154F809EE14D}.Release|Any CPU.Build.0 = Release|Any CPU
		{B8441293-5D7D-B752-6216-4C5005BF772D}.Debug|Any CPU.ActiveCfg = Debug|Any CPU
		{B8441293-5D7D-B752-6216-4C5005BF772D}.Debug|Any CPU.Build.0 = Debug|Any CPU
		{B8441293-5D7D-B752-6216-4C5005BF772D}.Release|Any CPU.ActiveCfg = Release|Any CPU
		{B8441293-5D7D-B752-6216-4C5005BF772D}.Release|Any CPU.Build.0 = Release|Any CPU
		{D7F347E4-C87C-CC1A-89F8-6D28A7CCB4B3}.Debug|Any CPU.ActiveCfg = Debug|Any CPU
		{D7F347E4-C87C-CC1A-89F8-6D28A7CCB4B3}.Debug|Any CPU.Build.0 = Debug|Any CPU
		{D7F347E4-C87C-CC1A-89F8-6D28A7CCB4B3}.Release|Any CPU.ActiveCfg = Release|Any CPU
		{D7F347E4-C87C-CC1A-89F8-6D28A7CCB4B3}.Release|Any CPU.Build.0 = Release|Any CPU
		{4AB8E222-9D5A-4859-87B4-C18885B3580C}.Debug|Any CPU.ActiveCfg = Debug|Any CPU
		{4AB8E222-9D5A-4859-87B4-C18885B3580C}.Debug|Any CPU.Build.0 = Debug|Any CPU
		{4AB8E222-9D5A-4859-87B4-C18885B3580C}.Release|Any CPU.ActiveCfg = Release|Any CPU
		{4AB8E222-9D5A-4859-87B4-C18885B3580C}.Release|Any CPU.Build.0 = Release|Any CPU
		{120C19E0-9DAF-4D19-B126-662DEA5B39D5}.Debug|Any CPU.ActiveCfg = Debug|Any CPU
		{120C19E0-9DAF-4D19-B126-662DEA5B39D5}.Debug|Any CPU.Build.0 = Debug|Any CPU
		{120C19E0-9DAF-4D19-B126-662DEA5B39D5}.Release|Any CPU.ActiveCfg = Release|Any CPU
		{120C19E0-9DAF-4D19-B126-662DEA5B39D5}.Release|Any CPU.Build.0 = Release|Any CPU
		{8ED98C61-CFCD-4958-ACB1-85A10A87413C}.Debug|Any CPU.ActiveCfg = Debug|Any CPU
		{8ED98C61-CFCD-4958-ACB1-85A10A87413C}.Debug|Any CPU.Build.0 = Debug|Any CPU
		{8ED98C61-CFCD-4958-ACB1-85A10A87413C}.Release|Any CPU.ActiveCfg = Release|Any CPU
		{8ED98C61-CFCD-4958-ACB1-85A10A87413C}.Release|Any CPU.Build.0 = Release|Any CPU
		{99B93B38-FD7D-41FE-9EE3-F2C7DCD0F283}.Debug|Any CPU.ActiveCfg = Debug|Any CPU
		{99B93B38-FD7D-41FE-9EE3-F2C7DCD0F283}.Debug|Any CPU.Build.0 = Debug|Any CPU
		{99B93B38-FD7D-41FE-9EE3-F2C7DCD0F283}.Release|Any CPU.ActiveCfg = Release|Any CPU
		{99B93B38-FD7D-41FE-9EE3-F2C7DCD0F283}.Release|Any CPU.Build.0 = Release|Any CPU
		{40C79D56-95F8-4302-425F-BCF614810158}.Debug|Any CPU.ActiveCfg = Debug|Any CPU
		{40C79D56-95F8-4302-425F-BCF614810158}.Debug|Any CPU.Build.0 = Debug|Any CPU
		{40C79D56-95F8-4302-425F-BCF614810158}.Release|Any CPU.ActiveCfg = Release|Any CPU
		{40C79D56-95F8-4302-425F-BCF614810158}.Release|Any CPU.Build.0 = Release|Any CPU
		{0D43FC89-C631-51D5-75F8-B29492B9C91F}.Debug|Any CPU.ActiveCfg = Debug|Any CPU
		{0D43FC89-C631-51D5-75F8-B29492B9C91F}.Debug|Any CPU.Build.0 = Debug|Any CPU
		{0D43FC89-C631-51D5-75F8-B29492B9C91F}.Release|Any CPU.ActiveCfg = Release|Any CPU
		{0D43FC89-C631-51D5-75F8-B29492B9C91F}.Release|Any CPU.Build.0 = Release|Any CPU
	EndGlobalSection
	GlobalSection(SolutionProperties) = preSolution
		HideSolutionNode = FALSE
	EndGlobalSection
	GlobalSection(NestedProjects) = preSolution
		{6222491A-9A9F-4F8C-B160-E3CD6FE2A601} = {DDB4EF12-CC4E-5E88-E6FC-71A802F4DE97}
		{D0F00D84-AD20-C5D6-67FE-85D6CB59A7CE} = {DDB4EF12-CC4E-5E88-E6FC-71A802F4DE97}
		{EB11C1AF-3BBE-9D8B-B13B-CEF382F22312} = {DDB4EF12-CC4E-5E88-E6FC-71A802F4DE97}
		{DB855A8A-7322-4BF6-85D8-9F11C2E4F1BB} = {33699BDE-7B73-45F5-959A-05E508C8E06C}
		{AF3BED62-9B4B-4E47-8A8D-DF28D46B3B64} = {DB855A8A-7322-4BF6-85D8-9F11C2E4F1BB}
		{94011CA1-9EFA-40F2-AA1D-6896B9959EFA} = {2F49C1B8-AA16-4EF7-ACE7-C69645346C9B}
		{3F43FA31-59B1-4212-BB55-29C84576842C} = {94011CA1-9EFA-40F2-AA1D-6896B9959EFA}
		{F90276CB-36E0-43CE-8FF9-1C4CEA0A3CCF} = {33699BDE-7B73-45F5-959A-05E508C8E06C}
		{FE98FB8F-708A-4FE2-9664-25BAC76F8D14} = {F90276CB-36E0-43CE-8FF9-1C4CEA0A3CCF}
		{C37F8AA3-56DB-4A42-8247-4EE5D475D95F} = {33699BDE-7B73-45F5-959A-05E508C8E06C}
		{628D68DD-25E5-440D-83B6-8A021F471C55} = {C37F8AA3-56DB-4A42-8247-4EE5D475D95F}
		{ADD4BD51-2C06-42E5-B8E4-50736A404498} = {C37F8AA3-56DB-4A42-8247-4EE5D475D95F}
		{FA0059C3-233C-471B-90A9-7C23EB1B1F7C} = {33699BDE-7B73-45F5-959A-05E508C8E06C}
		{AFDB3A1F-5799-416A-AD2E-C6E58CDB9B24} = {FA0059C3-233C-471B-90A9-7C23EB1B1F7C}
		{9F598711-554C-437D-BB58-2E5EF8E55BDB} = {AFDB3A1F-5799-416A-AD2E-C6E58CDB9B24}
		{90641E4C-80D6-4BDA-8E97-08012D7F16C5} = {AFDB3A1F-5799-416A-AD2E-C6E58CDB9B24}
		{EFA06CB4-6C57-45E0-A61D-AD59CBD7ECA0} = {AFDB3A1F-5799-416A-AD2E-C6E58CDB9B24}
		{BB03BDB7-3575-4711-8B2B-8698884643D5} = {EFA06CB4-6C57-45E0-A61D-AD59CBD7ECA0}
		{B72DC659-1376-4508-A81F-72F2D0C8F4EF} = {EFA06CB4-6C57-45E0-A61D-AD59CBD7ECA0}
		{06CEC8A2-0CD8-4597-9829-F9251A3DE49F} = {2F49C1B8-AA16-4EF7-ACE7-C69645346C9B}
		{F8A47C83-BFFB-42B1-98E5-51DF4673030E} = {06CEC8A2-0CD8-4597-9829-F9251A3DE49F}
		{9AF1480D-60C7-4F48-80BD-EFAF2E6C2485} = {2F49C1B8-AA16-4EF7-ACE7-C69645346C9B}
		{D9586B19-A896-4AF6-9706-F2672E1CC753} = {9AF1480D-60C7-4F48-80BD-EFAF2E6C2485}
		{1D74653E-7CF2-4C55-B5D3-DEF5DC5DFE95} = {9AF1480D-60C7-4F48-80BD-EFAF2E6C2485}
		{739C4EB7-770D-4B1C-9F2D-D8AE81C4E6EA} = {5A43EBCC-D6B4-4372-A438-92AB959CA412}
		{E07CF39B-D0EF-4EB8-BC68-32665078E53D} = {739C4EB7-770D-4B1C-9F2D-D8AE81C4E6EA}
		{C8317ABC-37A5-490C-B52C-573F3B15E39D} = {5A43EBCC-D6B4-4372-A438-92AB959CA412}
		{327F377E-43AB-4B7B-BA3A-402F7B6E8783} = {C8317ABC-37A5-490C-B52C-573F3B15E39D}
		{CD6D02E2-089B-4C51-AA97-878B1F6EF74D} = {5A43EBCC-D6B4-4372-A438-92AB959CA412}
		{7DB6FB6A-BCB6-4F9A-BADB-3FEC1ACEE2E7} = {CD6D02E2-089B-4C51-AA97-878B1F6EF74D}
		{A3ACA33D-6226-7668-2993-2FC9EA8C783B} = {CD6D02E2-089B-4C51-AA97-878B1F6EF74D}
		{BE74422F-096D-4721-8271-C8BCBE822275} = {CD6D02E2-089B-4C51-AA97-878B1F6EF74D}
		{8A0FEB4E-F8FE-4C56-B0A1-10108258428E} = {17E1237D-F9EC-4BA3-AFE2-F64FCCBBB26A}
		{C0683236-D661-404D-B8CA-8A7A5313D1C5} = {8A0FEB4E-F8FE-4C56-B0A1-10108258428E}
		{0E2F5510-EAEA-410A-8E79-1A24CDF6CB68} = {C0683236-D661-404D-B8CA-8A7A5313D1C5}
		{C01051AC-1099-4565-A210-346C1345FA4F} = {8A0FEB4E-F8FE-4C56-B0A1-10108258428E}
		{948A1417-608A-402B-9A28-4F22B6D628D9} = {C01051AC-1099-4565-A210-346C1345FA4F}
		{BADF616C-11CB-4BEB-93B6-4F235DE9AB7E} = {C01051AC-1099-4565-A210-346C1345FA4F}
		{FBC0329F-A159-4451-BEEB-C7A983687A33} = {C01051AC-1099-4565-A210-346C1345FA4F}
		{B0A82634-A11B-4D20-92D7-16682D0BF361} = {8A0FEB4E-F8FE-4C56-B0A1-10108258428E}
		{B692B563-4A3B-4621-BA24-75F765BED2A9} = {B0A82634-A11B-4D20-92D7-16682D0BF361}
		{752FADD9-F2A4-428B-9560-3EC780D6E093} = {C01051AC-1099-4565-A210-346C1345FA4F}
		{680829D2-FD96-48F4-AAA8-23AC58878DDF} = {9CF89820-F1EE-4054-A03D-F8D3E874FA2F}
		{6FAB828C-378A-481E-B06D-EC868B3BFCA1} = {17E1237D-F9EC-4BA3-AFE2-F64FCCBBB26A}
		{514B249E-C6FF-4C12-A297-3346D7D21F75} = {17E1237D-F9EC-4BA3-AFE2-F64FCCBBB26A}
		{1C72BBBA-0FB3-45AF-8CEB-154F809EE14D} = {17E1237D-F9EC-4BA3-AFE2-F64FCCBBB26A}
		{B8441293-5D7D-B752-6216-4C5005BF772D} = {A32AAAD9-74A9-40D4-9162-A3767C98151A}
		{D7F347E4-C87C-CC1A-89F8-6D28A7CCB4B3} = {A32AAAD9-74A9-40D4-9162-A3767C98151A}
		{4AB8E222-9D5A-4859-87B4-C18885B3580C} = {9CF89820-F1EE-4054-A03D-F8D3E874FA2F}
		{120C19E0-9DAF-4D19-B126-662DEA5B39D5} = {9CF89820-F1EE-4054-A03D-F8D3E874FA2F}
		{8ED98C61-CFCD-4958-ACB1-85A10A87413C} = {9CF89820-F1EE-4054-A03D-F8D3E874FA2F}
		{99B93B38-FD7D-41FE-9EE3-F2C7DCD0F283} = {680829D2-FD96-48F4-AAA8-23AC58878DDF}
		{40C79D56-95F8-4302-425F-BCF614810158} = {680829D2-FD96-48F4-AAA8-23AC58878DDF}
		{0D43FC89-C631-51D5-75F8-B29492B9C91F} = {C7B3109A-AFFC-4A8C-9C88-639938A29474}
	EndGlobalSection
	GlobalSection(ExtensibilityGlobals) = postSolution
		SolutionGuid = {ACB540FF-D31A-4B37-89F7-25C4091237B0}
	EndGlobalSection
EndGlobal
